
Microsoft Visual Studio Solution File, Format Version 12.00
# Visual Studio 15
VisualStudioVersion = 15.0.26430.15
MinimumVisualStudioVersion = 10.0.40219.1
Project("{FAE04EC0-301F-11D3-BF4B-00C04F79EFBC}") = "SystemAdminClasses", "SystemAdminClasses\SystemAdminClasses.csproj", "{D0C1B43E-52CB-4509-844D-1E7475647B77}"
EndProject
Project("{FAE04EC0-301F-11D3-BF4B-00C04F79EFBC}") = "SystemAdminDataModel", "SystemAdminDataModel\SystemAdminDataModel.csproj", "{09589C87-FA76-419D-ABEF-D2B5F8B22072}"
EndProject
Project("{FAE04EC0-301F-11D3-BF4B-00C04F79EFBC}") = "DatabaseTesting", "DatabaseTesting\DatabaseTesting.csproj", "{DE7BE174-7314-4E6C-A89B-572FF7BD31E6}"
EndProject
Project("{FAE04EC0-301F-11D3-BF4B-00C04F79EFBC}") = "SystemAdmin_CRUD_Ops", "SystemAdmin_CRUD_Ops\SystemAdmin_CRUD_Ops.csproj", "{592F8D04-BEDC-401E-9025-5009E85B9227}"
EndProject
Project("{FAE04EC0-301F-11D3-BF4B-00C04F79EFBC}") = "UnitTests", "UnitTests\UnitTests.csproj", "{FE5C810B-094B-45B0-9506-C5215CA7A643}"
EndProject
Global
	GlobalSection(SolutionConfigurationPlatforms) = preSolution
		Debug|Any CPU = Debug|Any CPU
		Release|Any CPU = Release|Any CPU
	EndGlobalSection
	GlobalSection(ProjectConfigurationPlatforms) = postSolution
		{D0C1B43E-52CB-4509-844D-1E7475647B77}.Debug|Any CPU.ActiveCfg = Debug|Any CPU
		{D0C1B43E-52CB-4509-844D-1E7475647B77}.Debug|Any CPU.Build.0 = Debug|Any CPU
		{D0C1B43E-52CB-4509-844D-1E7475647B77}.Release|Any CPU.ActiveCfg = Release|Any CPU
		{D0C1B43E-52CB-4509-844D-1E7475647B77}.Release|Any CPU.Build.0 = Release|Any CPU
		{09589C87-FA76-419D-ABEF-D2B5F8B22072}.Debug|Any CPU.ActiveCfg = Debug|Any CPU
		{09589C87-FA76-419D-ABEF-D2B5F8B22072}.Debug|Any CPU.Build.0 = Debug|Any CPU
		{09589C87-FA76-419D-ABEF-D2B5F8B22072}.Release|Any CPU.ActiveCfg = Release|Any CPU
		{09589C87-FA76-419D-ABEF-D2B5F8B22072}.Release|Any CPU.Build.0 = Release|Any CPU
		{DE7BE174-7314-4E6C-A89B-572FF7BD31E6}.Debug|Any CPU.ActiveCfg = Debug|Any CPU
		{DE7BE174-7314-4E6C-A89B-572FF7BD31E6}.Debug|Any CPU.Build.0 = Debug|Any CPU
		{DE7BE174-7314-4E6C-A89B-572FF7BD31E6}.Release|Any CPU.ActiveCfg = Release|Any CPU
		{DE7BE174-7314-4E6C-A89B-572FF7BD31E6}.Release|Any CPU.Build.0 = Release|Any CPU
		{592F8D04-BEDC-401E-9025-5009E85B9227}.Debug|Any CPU.ActiveCfg = Debug|Any CPU
		{592F8D04-BEDC-401E-9025-5009E85B9227}.Debug|Any CPU.Build.0 = Debug|Any CPU
		{592F8D04-BEDC-401E-9025-5009E85B9227}.Release|Any CPU.ActiveCfg = Release|Any CPU
		{592F8D04-BEDC-401E-9025-5009E85B9227}.Release|Any CPU.Build.0 = Release|Any CPU
		{FE5C810B-094B-45B0-9506-C5215CA7A643}.Debug|Any CPU.ActiveCfg = Debug|Any CPU
		{FE5C810B-094B-45B0-9506-C5215CA7A643}.Debug|Any CPU.Build.0 = Debug|Any CPU
		{FE5C810B-094B-45B0-9506-C5215CA7A643}.Release|Any CPU.ActiveCfg = Release|Any CPU
		{FE5C810B-094B-45B0-9506-C5215CA7A643}.Release|Any CPU.Build.0 = Release|Any CPU
	EndGlobalSection
	GlobalSection(SolutionProperties) = preSolution
		HideSolutionNode = FALSE
	EndGlobalSection
EndGlobal
